
Microsoft Visual Studio Solution File, Format Version 12.00
# Visual Studio Version 17
VisualStudioVersion = 17.14.36429.23
MinimumVisualStudioVersion = 10.0.40219.1
Project("{FAE04EC0-301F-11D3-BF4B-00C04F79EFBC}") = "backend", "backend\backend.csproj", "{6C798995-2B4F-45F1-86D7-C9493A51BAA3}"
EndProject
Project("{E53339B2-1760-4266-BCC7-CA923CBCF16C}") = "docker-compose", "docker-compose.dcproj", "{81DDED9D-158B-E303-5F62-77A2896D2A5A}"
EndProject
Project("{FAE04EC0-301F-11D3-BF4B-00C04F79EFBC}") = "frontend", "frontend\frontend.csproj", "{8262981B-B4DB-4140-BD01-490ABF16273B}"
EndProject
Global
	GlobalSection(SolutionConfigurationPlatforms) = preSolution
		Debug|Any CPU = Debug|Any CPU
		Debug|x64 = Debug|x64
		Release|Any CPU = Release|Any CPU
		Release|x64 = Release|x64
	EndGlobalSection
	GlobalSection(ProjectConfigurationPlatforms) = postSolution
		{6C798995-2B4F-45F1-86D7-C9493A51BAA3}.Debug|Any CPU.ActiveCfg = Debug|Any CPU
		{6C798995-2B4F-45F1-86D7-C9493A51BAA3}.Debug|Any CPU.Build.0 = Debug|Any CPU
		{6C798995-2B4F-45F1-86D7-C9493A51BAA3}.Debug|x64.ActiveCfg = Debug|Any CPU
		{6C798995-2B4F-45F1-86D7-C9493A51BAA3}.Debug|x64.Build.0 = Debug|Any CPU
		{6C798995-2B4F-45F1-86D7-C9493A51BAA3}.Release|Any CPU.ActiveCfg = Release|Any CPU
		{6C798995-2B4F-45F1-86D7-C9493A51BAA3}.Release|Any CPU.Build.0 = Release|Any CPU
		{6C798995-2B4F-45F1-86D7-C9493A51BAA3}.Release|x64.ActiveCfg = Release|Any CPU
		{6C798995-2B4F-45F1-86D7-C9493A51BAA3}.Release|x64.Build.0 = Release|Any CPU
		{81DDED9D-158B-E303-5F62-77A2896D2A5A}.Debug|Any CPU.ActiveCfg = Debug|Any CPU
		{81DDED9D-158B-E303-5F62-77A2896D2A5A}.Debug|Any CPU.Build.0 = Debug|Any CPU
		{81DDED9D-158B-E303-5F62-77A2896D2A5A}.Debug|x64.ActiveCfg = Debug|Any CPU
		{81DDED9D-158B-E303-5F62-77A2896D2A5A}.Debug|x64.Build.0 = Debug|Any CPU
		{81DDED9D-158B-E303-5F62-77A2896D2A5A}.Release|Any CPU.ActiveCfg = Release|Any CPU
		{81DDED9D-158B-E303-5F62-77A2896D2A5A}.Release|Any CPU.Build.0 = Release|Any CPU
		{81DDED9D-158B-E303-5F62-77A2896D2A5A}.Release|x64.ActiveCfg = Release|Any CPU
		{81DDED9D-158B-E303-5F62-77A2896D2A5A}.Release|x64.Build.0 = Release|Any CPU
		{8262981B-B4DB-4140-BD01-490ABF16273B}.Debug|Any CPU.ActiveCfg = Debug|Any CPU
		{8262981B-B4DB-4140-BD01-490ABF16273B}.Debug|Any CPU.Build.0 = Debug|Any CPU
		{8262981B-B4DB-4140-BD01-490ABF16273B}.Debug|x64.ActiveCfg = Debug|Any CPU
		{8262981B-B4DB-4140-BD01-490ABF16273B}.Debug|x64.Build.0 = Debug|Any CPU
		{8262981B-B4DB-4140-BD01-490ABF16273B}.Release|Any CPU.ActiveCfg = Release|Any CPU
		{8262981B-B4DB-4140-BD01-490ABF16273B}.Release|Any CPU.Build.0 = Release|Any CPU
		{8262981B-B4DB-4140-BD01-490ABF16273B}.Release|x64.ActiveCfg = Release|Any CPU
		{8262981B-B4DB-4140-BD01-490ABF16273B}.Release|x64.Build.0 = Release|Any CPU
	EndGlobalSection
	GlobalSection(SolutionProperties) = preSolution
		HideSolutionNode = FALSE
	EndGlobalSection
	GlobalSection(ExtensibilityGlobals) = postSolution
		SolutionGuid = {AD592180-7795-4AC5-9BEB-A8D3E4A8754A}
	EndGlobalSection
EndGlobal
